{
  "object": {
    "pins": [
      {
        "package": "XCEPipeline",
        "repositoryURL": "https://github.com/XCEssentials/Pipeline",
        "state": {
          "branch": null,
          "revision": "692b22f4f0bc4a8f1bbca2473c52e99268b6549b",
          "version": "3.8.3"
        }
      },
      {
        "package": "XCERequirement",
        "repositoryURL": "https://github.com/XCEssentials/Requirement",
        "state": {
          "branch": null,
          "revision": "0978f6e49c048629bca747fc571f627714304981",
          "version": "2.4.0"
        }
      }
    ]
  },
  "version": 1
}
