{
  "object": {
    "pins": [
      {
        "package": "XCEPipeline",
        "repositoryURL": "https://github.com/XCEssentials/Pipeline",
        "state": {
          "branch": null,
          "revision": "4ef1944d923f1570c3808f95c6e2873f5eb62eb5",
          "version": "3.1.4"
        }
      },
      {
        "package": "XCERequirement",
        "repositoryURL": "https://github.com/XCEssentials/Requirement",
        "state": {
          "branch": null,
          "revision": "aa880d74f5506442431eade7ec2ab5be3bd72b05",
          "version": "2.0.4"
        }
      },
      {
        "package": "SwiftHamcrest",
        "repositoryURL": "https://github.com/nschum/SwiftHamcrest",
        "state": {
          "branch": null,
          "revision": "53e322984e000deefd3a5efaa777a7365c51aac9",
          "version": "2.2.1"
        }
      }
    ]
  },
  "version": 1
}
