// !$*UTF8*$!
{
	archiveVersion = 1;
	classes = {
	};
	objectVersion = 46;
	objects = {

/* Begin PBXBuildFile section */
		1A0C8F29C4D8A2FE925AFDFA /* Pods_Tests.framework in Frameworks */ = {isa = PBXBuildFile; fileRef = 39A348AE64DDC3F62111FEFA /* Pods_Tests.framework */; };
		2C614A162FBE362CCC1C9FD8 /* M.swift in Sources */ = {isa = PBXBuildFile; fileRef = 108F3760A25DB521BCF2B6CE /* M.swift */; };
		5CDA59C6414A97FC0EFDF72E /* Main.swift in Sources */ = {isa = PBXBuildFile; fileRef = 018827901654535FCE8C70DC /* Main.swift */; };
		82C2FFF2DDAD1BC7D438567A /* Pods_Fwk.framework in Frameworks */ = {isa = PBXBuildFile; fileRef = 71D399AC9179409F657A9CD8 /* Pods_Fwk.framework */; };
		9421DC921F5F9BD600C838BB /* Action.swift in Sources */ = {isa = PBXBuildFile; fileRef = 9421DC741F5F915C00C838BB /* Action.swift */; };
		9421DC931F5F9BD600C838BB /* Feature.swift in Sources */ = {isa = PBXBuildFile; fileRef = 9421DC751F5F915C00C838BB /* Feature.swift */; };
		9421DC941F5F9BD600C838BB /* FeatureState.swift in Sources */ = {isa = PBXBuildFile; fileRef = 9421DC7C1F5F915C00C838BB /* FeatureState.swift */; };
		9421DC961F5F9BD900C838BB /* Initialization.swift in Sources */ = {isa = PBXBuildFile; fileRef = 9421DC8F1F5F92C300C838BB /* Initialization.swift */; };
		9421DC971F5F9BD900C838BB /* Actualization.swift in Sources */ = {isa = PBXBuildFile; fileRef = 9421DC8C1F5F92C300C838BB /* Actualization.swift */; };
		9421DC981F5F9BD900C838BB /* Transition.swift in Sources */ = {isa = PBXBuildFile; fileRef = 9421DC901F5F92C300C838BB /* Transition.swift */; };
		9421DC991F5F9BD900C838BB /* Trigger.swift in Sources */ = {isa = PBXBuildFile; fileRef = 9421DC911F5F92C300C838BB /* Trigger.swift */; };
		9421DC9A1F5F9BD900C838BB /* Deinitialization.swift in Sources */ = {isa = PBXBuildFile; fileRef = 9421DC8D1F5F92C300C838BB /* Deinitialization.swift */; };
		9421DC9B1F5F9BDC00C838BB /* ActionProcessing.swift in Sources */ = {isa = PBXBuildFile; fileRef = 9421DC7F1F5F915C00C838BB /* ActionProcessing.swift */; };
		9421DC9C1F5F9BDC00C838BB /* Dispatcher.swift in Sources */ = {isa = PBXBuildFile; fileRef = 9421DC801F5F915C00C838BB /* Dispatcher.swift */; };
		9421DC9D1F5F9BDC00C838BB /* GlobalMutation.swift in Sources */ = {isa = PBXBuildFile; fileRef = 9421DC811F5F915C00C838BB /* GlobalMutation.swift */; };
		9421DCA01F5F9BDC00C838BB /* HelperProtocols.swift in Sources */ = {isa = PBXBuildFile; fileRef = 9421DC841F5F915C00C838BB /* HelperProtocols.swift */; };
		9421DCA21F5F9BDC00C838BB /* GlobalModel.swift in Sources */ = {isa = PBXBuildFile; fileRef = 9421DC861F5F915C00C838BB /* GlobalModel.swift */; };
		9421DCA31F5F9BDC00C838BB /* ReportingHelpers.swift in Sources */ = {isa = PBXBuildFile; fileRef = 9421DC871F5F915C00C838BB /* ReportingHelpers.swift */; };
		9421DCA41F5F9BDC00C838BB /* Subscriptions.swift in Sources */ = {isa = PBXBuildFile; fileRef = 9421DC881F5F915C00C838BB /* Subscriptions.swift */; };
		946964D91F607C4500DE8A62 /* Operators.swift in Sources */ = {isa = PBXBuildFile; fileRef = 946964D81F607C4500DE8A62 /* Operators.swift */; };
		94930BC81F60889300EB8BBF /* InitializationInto.swift in Sources */ = {isa = PBXBuildFile; fileRef = 94930BC71F60889300EB8BBF /* InitializationInto.swift */; };
		94930BCA1F608BEA00EB8BBF /* ActualizationOf.swift in Sources */ = {isa = PBXBuildFile; fileRef = 94930BC91F608BEA00EB8BBF /* ActualizationOf.swift */; };
		94930BCC1F60957200EB8BBF /* DeinitializationFrom.swift in Sources */ = {isa = PBXBuildFile; fileRef = 94930BCB1F60957200EB8BBF /* DeinitializationFrom.swift */; };
		94930BCE1F60996400EB8BBF /* ActionContext.swift in Sources */ = {isa = PBXBuildFile; fileRef = 94930BCD1F60996400EB8BBF /* ActionContext.swift */; };
		94930BD01F609ACF00EB8BBF /* TransitionInto.swift in Sources */ = {isa = PBXBuildFile; fileRef = 94930BCF1F609ACF00EB8BBF /* TransitionInto.swift */; };
		B685E60037F407D3CE0E2C3E /* Foundation.framework in Frameworks */ = {isa = PBXBuildFile; fileRef = 170D95578C5313F01B6F8B37 /* Foundation.framework */; };
		C3D9ABD77F5AFD6A8F67A861 /* Arithmetics.swift in Sources */ = {isa = PBXBuildFile; fileRef = 1B963C5720D1093F4F08FB3F /* Arithmetics.swift */; };
		D74EF5AAF28A897E24ACAF13 /* Search.swift in Sources */ = {isa = PBXBuildFile; fileRef = 03186E114271BE51700CA6F9 /* Search.swift */; };
		FDA7C253BAB8420D6C290EA8 /* Foundation.framework in Frameworks */ = {isa = PBXBuildFile; fileRef = 170D95578C5313F01B6F8B37 /* Foundation.framework */; };
/* End PBXBuildFile section */

/* Begin PBXContainerItemProxy section */
		BE05E30162BD16C544A9FFD7 /* PBXContainerItemProxy */ = {
			isa = PBXContainerItemProxy;
			containerPortal = 06946347D283CCF78C397DC3 /* Project object */;
			proxyType = 1;
			remoteGlobalIDString = F3CC3BEBC58E798E5E6678CD;
			remoteInfo = Fwk;
		};
/* End PBXContainerItemProxy section */

/* Begin PBXCopyFilesBuildPhase section */
		6A37C619CEB1BCC082B64FC8 /* Embed Frameworks */ = {
			isa = PBXCopyFilesBuildPhase;
			buildActionMask = 2147483647;
			dstPath = "";
			dstSubfolderSpec = 10;
			files = (
			);
			name = "Embed Frameworks";
			runOnlyForDeploymentPostprocessing = 0;
		};
		6DCA1203528520C5AC234752 /* Embed Frameworks */ = {
			isa = PBXCopyFilesBuildPhase;
			buildActionMask = 2147483647;
			dstPath = "";
			dstSubfolderSpec = 10;
			files = (
			);
			name = "Embed Frameworks";
			runOnlyForDeploymentPostprocessing = 0;
		};
/* End PBXCopyFilesBuildPhase section */

/* Begin PBXFileReference section */
		018827901654535FCE8C70DC /* Main.swift */ = {isa = PBXFileReference; includeInIndex = 1; lastKnownFileType = sourcecode.swift; path = Main.swift; sourceTree = "<group>"; };
		03186E114271BE51700CA6F9 /* Search.swift */ = {isa = PBXFileReference; includeInIndex = 1; lastKnownFileType = sourcecode.swift; path = Search.swift; sourceTree = "<group>"; };
		108F3760A25DB521BCF2B6CE /* M.swift */ = {isa = PBXFileReference; includeInIndex = 1; lastKnownFileType = sourcecode.swift; path = M.swift; sourceTree = "<group>"; };
		170D95578C5313F01B6F8B37 /* Foundation.framework */ = {isa = PBXFileReference; lastKnownFileType = wrapper.framework; name = Foundation.framework; path = Platforms/iPhoneOS.platform/Developer/SDKs/iPhoneOS10.3.sdk/System/Library/Frameworks/Foundation.framework; sourceTree = DEVELOPER_DIR; };
		1B963C5720D1093F4F08FB3F /* Arithmetics.swift */ = {isa = PBXFileReference; includeInIndex = 1; lastKnownFileType = sourcecode.swift; path = Arithmetics.swift; sourceTree = "<group>"; };
		39A348AE64DDC3F62111FEFA /* Pods_Tests.framework */ = {isa = PBXFileReference; explicitFileType = wrapper.framework; includeInIndex = 0; path = Pods_Tests.framework; sourceTree = BUILT_PRODUCTS_DIR; };
		509F6DDCB0B1A14921DEB015 /* Fwk.framework */ = {isa = PBXFileReference; explicitFileType = wrapper.framework; includeInIndex = 0; name = Fwk.framework; path = XCEUniFlow.framework; sourceTree = BUILT_PRODUCTS_DIR; };
		541FA9F6EB0DE5C17CF1FC7D /* Tests.xctest */ = {isa = PBXFileReference; explicitFileType = wrapper.cfbundle; includeInIndex = 0; path = Tests.xctest; sourceTree = BUILT_PRODUCTS_DIR; };
		71D399AC9179409F657A9CD8 /* Pods_Fwk.framework */ = {isa = PBXFileReference; explicitFileType = wrapper.framework; includeInIndex = 0; path = Pods_Fwk.framework; sourceTree = BUILT_PRODUCTS_DIR; };
		9421DC741F5F915C00C838BB /* Action.swift */ = {isa = PBXFileReference; lastKnownFileType = sourcecode.swift; path = Action.swift; sourceTree = "<group>"; };
		9421DC751F5F915C00C838BB /* Feature.swift */ = {isa = PBXFileReference; lastKnownFileType = sourcecode.swift; path = Feature.swift; sourceTree = "<group>"; };
		9421DC7C1F5F915C00C838BB /* FeatureState.swift */ = {isa = PBXFileReference; lastKnownFileType = sourcecode.swift; path = FeatureState.swift; sourceTree = "<group>"; };
		9421DC7F1F5F915C00C838BB /* ActionProcessing.swift */ = {isa = PBXFileReference; lastKnownFileType = sourcecode.swift; path = ActionProcessing.swift; sourceTree = "<group>"; };
		9421DC801F5F915C00C838BB /* Dispatcher.swift */ = {isa = PBXFileReference; lastKnownFileType = sourcecode.swift; path = Dispatcher.swift; sourceTree = "<group>"; };
		9421DC811F5F915C00C838BB /* GlobalMutation.swift */ = {isa = PBXFileReference; lastKnownFileType = sourcecode.swift; path = GlobalMutation.swift; sourceTree = "<group>"; };
		9421DC841F5F915C00C838BB /* HelperProtocols.swift */ = {isa = PBXFileReference; lastKnownFileType = sourcecode.swift; path = HelperProtocols.swift; sourceTree = "<group>"; };
		9421DC861F5F915C00C838BB /* GlobalModel.swift */ = {isa = PBXFileReference; lastKnownFileType = sourcecode.swift; path = GlobalModel.swift; sourceTree = "<group>"; };
		9421DC871F5F915C00C838BB /* ReportingHelpers.swift */ = {isa = PBXFileReference; lastKnownFileType = sourcecode.swift; path = ReportingHelpers.swift; sourceTree = "<group>"; };
		9421DC881F5F915C00C838BB /* Subscriptions.swift */ = {isa = PBXFileReference; lastKnownFileType = sourcecode.swift; path = Subscriptions.swift; sourceTree = "<group>"; };
		9421DC8C1F5F92C300C838BB /* Actualization.swift */ = {isa = PBXFileReference; lastKnownFileType = sourcecode.swift; path = Actualization.swift; sourceTree = "<group>"; };
		9421DC8D1F5F92C300C838BB /* Deinitialization.swift */ = {isa = PBXFileReference; lastKnownFileType = sourcecode.swift; path = Deinitialization.swift; sourceTree = "<group>"; };
		9421DC8F1F5F92C300C838BB /* Initialization.swift */ = {isa = PBXFileReference; lastKnownFileType = sourcecode.swift; path = Initialization.swift; sourceTree = "<group>"; };
		9421DC901F5F92C300C838BB /* Transition.swift */ = {isa = PBXFileReference; lastKnownFileType = sourcecode.swift; path = Transition.swift; sourceTree = "<group>"; };
		9421DC911F5F92C300C838BB /* Trigger.swift */ = {isa = PBXFileReference; lastKnownFileType = sourcecode.swift; path = Trigger.swift; sourceTree = "<group>"; };
		946964D81F607C4500DE8A62 /* Operators.swift */ = {isa = PBXFileReference; lastKnownFileType = sourcecode.swift; path = Operators.swift; sourceTree = "<group>"; };
		94930BC71F60889300EB8BBF /* InitializationInto.swift */ = {isa = PBXFileReference; lastKnownFileType = sourcecode.swift; path = InitializationInto.swift; sourceTree = "<group>"; };
		94930BC91F608BEA00EB8BBF /* ActualizationOf.swift */ = {isa = PBXFileReference; lastKnownFileType = sourcecode.swift; path = ActualizationOf.swift; sourceTree = "<group>"; };
		94930BCB1F60957200EB8BBF /* DeinitializationFrom.swift */ = {isa = PBXFileReference; lastKnownFileType = sourcecode.swift; path = DeinitializationFrom.swift; sourceTree = "<group>"; };
		94930BCD1F60996400EB8BBF /* ActionContext.swift */ = {isa = PBXFileReference; lastKnownFileType = sourcecode.swift; path = ActionContext.swift; sourceTree = "<group>"; };
		94930BCF1F609ACF00EB8BBF /* TransitionInto.swift */ = {isa = PBXFileReference; lastKnownFileType = sourcecode.swift; path = TransitionInto.swift; sourceTree = "<group>"; };
		9BCE00641CF74ADCDEC3901A /* Pods-Tests.debug.xcconfig */ = {isa = PBXFileReference; includeInIndex = 1; lastKnownFileType = text.xcconfig; name = "Pods-Tests.debug.xcconfig"; path = "Pods/Target Support Files/Pods-Tests/Pods-Tests.debug.xcconfig"; sourceTree = "<group>"; };
		AC41B4B449341FB98B13A24D /* Pods-Tests.release.xcconfig */ = {isa = PBXFileReference; includeInIndex = 1; lastKnownFileType = text.xcconfig; name = "Pods-Tests.release.xcconfig"; path = "Pods/Target Support Files/Pods-Tests/Pods-Tests.release.xcconfig"; sourceTree = "<group>"; };
		DA624B5EAF5E7E92162F08B2 /* Pods-Fwk.release.xcconfig */ = {isa = PBXFileReference; includeInIndex = 1; lastKnownFileType = text.xcconfig; name = "Pods-Fwk.release.xcconfig"; path = "Pods/Target Support Files/Pods-Fwk/Pods-Fwk.release.xcconfig"; sourceTree = "<group>"; };
		E4C8AB0E44A6025C58245723 /* Pods-Fwk.debug.xcconfig */ = {isa = PBXFileReference; includeInIndex = 1; lastKnownFileType = text.xcconfig; name = "Pods-Fwk.debug.xcconfig"; path = "Pods/Target Support Files/Pods-Fwk/Pods-Fwk.debug.xcconfig"; sourceTree = "<group>"; };
/* End PBXFileReference section */

/* Begin PBXFrameworksBuildPhase section */
		51BC86EA2395D90340FC0BF0 /* Frameworks */ = {
			isa = PBXFrameworksBuildPhase;
			buildActionMask = 2147483647;
			files = (
				FDA7C253BAB8420D6C290EA8 /* Foundation.framework in Frameworks */,
				82C2FFF2DDAD1BC7D438567A /* Pods_Fwk.framework in Frameworks */,
			);
			runOnlyForDeploymentPostprocessing = 0;
		};
		941CDC779744D6DC8D587EAF /* Frameworks */ = {
			isa = PBXFrameworksBuildPhase;
			buildActionMask = 2147483647;
			files = (
				B685E60037F407D3CE0E2C3E /* Foundation.framework in Frameworks */,
				1A0C8F29C4D8A2FE925AFDFA /* Pods_Tests.framework in Frameworks */,
			);
			runOnlyForDeploymentPostprocessing = 0;
		};
/* End PBXFrameworksBuildPhase section */

/* Begin PBXGroup section */
		0E8029C5F37F2FF3258AD029 /* iOS */ = {
			isa = PBXGroup;
			children = (
				170D95578C5313F01B6F8B37 /* Foundation.framework */,
			);
			name = iOS;
			sourceTree = "<group>";
		};
		605B6CCF42A3F71B16DA5DAB /* Products */ = {
			isa = PBXGroup;
			children = (
				509F6DDCB0B1A14921DEB015 /* Fwk.framework */,
				541FA9F6EB0DE5C17CF1FC7D /* Tests.xctest */,
			);
			name = Products;
			sourceTree = "<group>";
		};
		694A81FEA6B032CC389E839A = {
			isa = PBXGroup;
			children = (
				77BAFDBE5D5DC74A7DA5CC5C /* Frameworks */,
				CCB12E04C4B5615526102E10 /* Pods */,
				605B6CCF42A3F71B16DA5DAB /* Products */,
				F93CCBA4EE1207F54A25CEAF /* Sources */,
				91C96DEB87338EEDC8EDD43A /* Tests */,
			);
			sourceTree = "<group>";
		};
		77BAFDBE5D5DC74A7DA5CC5C /* Frameworks */ = {
			isa = PBXGroup;
			children = (
				811FACE2F6AE7F1F2582C87C /* $local */,
				0E8029C5F37F2FF3258AD029 /* iOS */,
				71D399AC9179409F657A9CD8 /* Pods_Fwk.framework */,
				39A348AE64DDC3F62111FEFA /* Pods_Tests.framework */,
			);
			name = Frameworks;
			sourceTree = "<group>";
		};
		811FACE2F6AE7F1F2582C87C /* $local */ = {
			isa = PBXGroup;
			children = (
			);
			name = "$local";
			sourceTree = "<group>";
		};
		91C96DEB87338EEDC8EDD43A /* Tests */ = {
			isa = PBXGroup;
			children = (
				018827901654535FCE8C70DC /* Main.swift */,
				A7EA12A0F7579B79D415F77D /* Spec */,
			);
			path = Tests;
			sourceTree = SOURCE_ROOT;
		};
		9421DC731F5F915C00C838BB /* Declare */ = {
			isa = PBXGroup;
			children = (
				9421DC741F5F915C00C838BB /* Action.swift */,
				94930BCD1F60996400EB8BBF /* ActionContext.swift */,
				9421DC751F5F915C00C838BB /* Feature.swift */,
				9421DC7C1F5F915C00C838BB /* FeatureState.swift */,
				946964D81F607C4500DE8A62 /* Operators.swift */,
			);
			path = Declare;
			sourceTree = "<group>";
		};
		9421DC7E1F5F915C00C838BB /* Dispatch */ = {
			isa = PBXGroup;
			children = (
				9421DC7F1F5F915C00C838BB /* ActionProcessing.swift */,
				9421DC801F5F915C00C838BB /* Dispatcher.swift */,
				9421DC861F5F915C00C838BB /* GlobalModel.swift */,
				9421DC811F5F915C00C838BB /* GlobalMutation.swift */,
				9421DC841F5F915C00C838BB /* HelperProtocols.swift */,
				9421DC871F5F915C00C838BB /* ReportingHelpers.swift */,
				9421DC881F5F915C00C838BB /* Subscriptions.swift */,
			);
			path = Dispatch;
			sourceTree = "<group>";
		};
		9421DC8B1F5F92C300C838BB /* FeatureMutations */ = {
			isa = PBXGroup;
			children = (
				9421DC8C1F5F92C300C838BB /* Actualization.swift */,
				94930BC91F608BEA00EB8BBF /* ActualizationOf.swift */,
				9421DC8D1F5F92C300C838BB /* Deinitialization.swift */,
				94930BCB1F60957200EB8BBF /* DeinitializationFrom.swift */,
				9421DC8F1F5F92C300C838BB /* Initialization.swift */,
				94930BC71F60889300EB8BBF /* InitializationInto.swift */,
				9421DC901F5F92C300C838BB /* Transition.swift */,
				94930BCF1F609ACF00EB8BBF /* TransitionInto.swift */,
				9421DC911F5F92C300C838BB /* Trigger.swift */,
			);
			path = FeatureMutations;
			sourceTree = "<group>";
		};
		A7EA12A0F7579B79D415F77D /* Spec */ = {
			isa = PBXGroup;
			children = (
				1B963C5720D1093F4F08FB3F /* Arithmetics.swift */,
				108F3760A25DB521BCF2B6CE /* M.swift */,
				03186E114271BE51700CA6F9 /* Search.swift */,
			);
			path = Spec;
			sourceTree = "<group>";
		};
		CCB12E04C4B5615526102E10 /* Pods */ = {
			isa = PBXGroup;
			children = (
				E4C8AB0E44A6025C58245723 /* Pods-Fwk.debug.xcconfig */,
				DA624B5EAF5E7E92162F08B2 /* Pods-Fwk.release.xcconfig */,
				9BCE00641CF74ADCDEC3901A /* Pods-Tests.debug.xcconfig */,
				AC41B4B449341FB98B13A24D /* Pods-Tests.release.xcconfig */,
			);
			name = Pods;
			sourceTree = "<group>";
		};
		F93CCBA4EE1207F54A25CEAF /* Sources */ = {
			isa = PBXGroup;
			children = (
				9421DC731F5F915C00C838BB /* Declare */,
				9421DC7E1F5F915C00C838BB /* Dispatch */,
				9421DC8B1F5F92C300C838BB /* FeatureMutations */,
			);
			path = Sources;
			sourceTree = SOURCE_ROOT;
		};
/* End PBXGroup section */

/* Begin PBXNativeTarget section */
		824A42D42FAC59545DA03E9B /* Tests */ = {
			isa = PBXNativeTarget;
			buildConfigurationList = AEAFF4F10F54333A224B8DDB /* Build configuration list for PBXNativeTarget "Tests" */;
			buildPhases = (
				600D1454F1E6768DA1AD8255 /* [CP] Check Pods Manifest.lock */,
				08226E83C959CC1148AA7D9D /* Sources */,
				941CDC779744D6DC8D587EAF /* Frameworks */,
				6DCA1203528520C5AC234752 /* Embed Frameworks */,
				292A42E3D3F06D6AA19D6B3E /* [CP] Embed Pods Frameworks */,
				F9473E6D7AA69B25DD6B6A2A /* [CP] Copy Pods Resources */,
			);
			buildRules = (
			);
			dependencies = (
				A3A4E2657C95506652C38938 /* PBXTargetDependency */,
			);
			name = Tests;
			productName = Tests;
			productReference = 541FA9F6EB0DE5C17CF1FC7D /* Tests.xctest */;
			productType = "com.apple.product-type.bundle.unit-test";
		};
		F3CC3BEBC58E798E5E6678CD /* Fwk */ = {
			isa = PBXNativeTarget;
			buildConfigurationList = B9E1E1ACA1CFECC1824F6064 /* Build configuration list for PBXNativeTarget "Fwk" */;
			buildPhases = (
				8F576FB8D826F0F4B892B34F /* [CP] Check Pods Manifest.lock */,
				FECDB45EB4DEB5FB4CEB4B58 /* SwiftLint */,
				290E66AEEFC3D3086D3B3905 /* Sources */,
				51BC86EA2395D90340FC0BF0 /* Frameworks */,
				6A37C619CEB1BCC082B64FC8 /* Embed Frameworks */,
				71FB68471B1EE960A6910DFA /* [CP] Copy Pods Resources */,
			);
			buildRules = (
			);
			dependencies = (
			);
			name = Fwk;
			productName = Fwk;
			productReference = 509F6DDCB0B1A14921DEB015 /* Fwk.framework */;
			productType = "com.apple.product-type.framework";
		};
/* End PBXNativeTarget section */

/* Begin PBXProject section */
		06946347D283CCF78C397DC3 /* Project object */ = {
			isa = PBXProject;
			attributes = {
				LastSwiftUpdateCheck = 0830;
				LastUpgradeCheck = 0700;
				Struct.Version = 2.1.0;
			};
			buildConfigurationList = 9B4F0B7E8300BFE925E00702 /* Build configuration list for PBXProject "Main" */;
			compatibilityVersion = "Xcode 3.2";
			developmentRegion = English;
			hasScannedForEncodings = 0;
			knownRegions = (
				en,
			);
			mainGroup = 694A81FEA6B032CC389E839A;
			productRefGroup = 605B6CCF42A3F71B16DA5DAB /* Products */;
			projectDirPath = "";
			projectRoot = "";
			targets = (
				F3CC3BEBC58E798E5E6678CD /* Fwk */,
				824A42D42FAC59545DA03E9B /* Tests */,
			);
		};
/* End PBXProject section */

/* Begin PBXShellScriptBuildPhase section */
		292A42E3D3F06D6AA19D6B3E /* [CP] Embed Pods Frameworks */ = {
			isa = PBXShellScriptBuildPhase;
			buildActionMask = 2147483647;
			files = (
			);
			inputPaths = (
				"${SRCROOT}/Pods/Target Support Files/Pods-Tests/Pods-Tests-frameworks.sh",
				"${BUILT_PRODUCTS_DIR}/XCEByTypeStorage/XCEByTypeStorage.framework",
				"${BUILT_PRODUCTS_DIR}/XCERequirement/XCERequirement.framework",
				"${BUILT_PRODUCTS_DIR}/XCETesting/XCETesting.framework",
			);
			name = "[CP] Embed Pods Frameworks";
			outputPaths = (
				"${TARGET_BUILD_DIR}/${FRAMEWORKS_FOLDER_PATH}/XCEByTypeStorage.framework",
				"${TARGET_BUILD_DIR}/${FRAMEWORKS_FOLDER_PATH}/XCERequirement.framework",
				"${TARGET_BUILD_DIR}/${FRAMEWORKS_FOLDER_PATH}/XCETesting.framework",
			);
			runOnlyForDeploymentPostprocessing = 0;
			shellPath = /bin/sh;
			shellScript = "\"${SRCROOT}/Pods/Target Support Files/Pods-Tests/Pods-Tests-frameworks.sh\"\n";
			showEnvVarsInLog = 0;
		};
		600D1454F1E6768DA1AD8255 /* [CP] Check Pods Manifest.lock */ = {
			isa = PBXShellScriptBuildPhase;
			buildActionMask = 2147483647;
			files = (
			);
			inputPaths = (
				"${PODS_PODFILE_DIR_PATH}/Podfile.lock",
				"${PODS_ROOT}/Manifest.lock",
			);
			name = "[CP] Check Pods Manifest.lock";
			outputPaths = (
				"$(DERIVED_FILE_DIR)/Pods-Tests-checkManifestLockResult.txt",
			);
			runOnlyForDeploymentPostprocessing = 0;
			shellPath = /bin/sh;
			shellScript = "diff \"${PODS_PODFILE_DIR_PATH}/Podfile.lock\" \"${PODS_ROOT}/Manifest.lock\" > /dev/null\nif [ $? != 0 ] ; then\n    # print error to STDERR\n    echo \"error: The sandbox is not in sync with the Podfile.lock. Run 'pod install' or update your CocoaPods installation.\" >&2\n    exit 1\nfi\n# This output is used by Xcode 'outputs' to avoid re-running this script phase.\necho \"SUCCESS\" > \"${SCRIPT_OUTPUT_FILE_0}\"\n";
			showEnvVarsInLog = 0;
		};
		71FB68471B1EE960A6910DFA /* [CP] Copy Pods Resources */ = {
			isa = PBXShellScriptBuildPhase;
			buildActionMask = 2147483647;
			files = (
			);
			inputPaths = (
			);
			name = "[CP] Copy Pods Resources";
			outputPaths = (
			);
			runOnlyForDeploymentPostprocessing = 0;
			shellPath = /bin/sh;
			shellScript = "\"${SRCROOT}/Pods/Target Support Files/Pods-Fwk/Pods-Fwk-resources.sh\"\n";
			showEnvVarsInLog = 0;
		};
		8F576FB8D826F0F4B892B34F /* [CP] Check Pods Manifest.lock */ = {
			isa = PBXShellScriptBuildPhase;
			buildActionMask = 2147483647;
			files = (
			);
			inputPaths = (
				"${PODS_PODFILE_DIR_PATH}/Podfile.lock",
				"${PODS_ROOT}/Manifest.lock",
			);
			name = "[CP] Check Pods Manifest.lock";
			outputPaths = (
				"$(DERIVED_FILE_DIR)/Pods-Fwk-checkManifestLockResult.txt",
			);
			runOnlyForDeploymentPostprocessing = 0;
			shellPath = /bin/sh;
			shellScript = "diff \"${PODS_PODFILE_DIR_PATH}/Podfile.lock\" \"${PODS_ROOT}/Manifest.lock\" > /dev/null\nif [ $? != 0 ] ; then\n    # print error to STDERR\n    echo \"error: The sandbox is not in sync with the Podfile.lock. Run 'pod install' or update your CocoaPods installation.\" >&2\n    exit 1\nfi\n# This output is used by Xcode 'outputs' to avoid re-running this script phase.\necho \"SUCCESS\" > \"${SCRIPT_OUTPUT_FILE_0}\"\n";
			showEnvVarsInLog = 0;
		};
		F9473E6D7AA69B25DD6B6A2A /* [CP] Copy Pods Resources */ = {
			isa = PBXShellScriptBuildPhase;
			buildActionMask = 2147483647;
			files = (
			);
			inputPaths = (
			);
			name = "[CP] Copy Pods Resources";
			outputPaths = (
			);
			runOnlyForDeploymentPostprocessing = 0;
			shellPath = /bin/sh;
			shellScript = "\"${SRCROOT}/Pods/Target Support Files/Pods-Tests/Pods-Tests-resources.sh\"\n";
			showEnvVarsInLog = 0;
		};
		FECDB45EB4DEB5FB4CEB4B58 /* SwiftLint */ = {
			isa = PBXShellScriptBuildPhase;
			buildActionMask = 2147483647;
			files = (
			);
			inputPaths = (
			);
			name = SwiftLint;
			outputPaths = (
			);
			runOnlyForDeploymentPostprocessing = 0;
			shellPath = /bin/sh;
			shellScript = "if which swiftlint >/dev/null; then\n    swiftlint\nelse\n    echo \"warning: SwiftLint not installed, download from https://github.com/realm/SwiftLint\"\nfi";
		};
/* End PBXShellScriptBuildPhase section */

/* Begin PBXSourcesBuildPhase section */
		08226E83C959CC1148AA7D9D /* Sources */ = {
			isa = PBXSourcesBuildPhase;
			buildActionMask = 2147483647;
			files = (
				C3D9ABD77F5AFD6A8F67A861 /* Arithmetics.swift in Sources */,
				2C614A162FBE362CCC1C9FD8 /* M.swift in Sources */,
				5CDA59C6414A97FC0EFDF72E /* Main.swift in Sources */,
				D74EF5AAF28A897E24ACAF13 /* Search.swift in Sources */,
			);
			runOnlyForDeploymentPostprocessing = 0;
		};
		290E66AEEFC3D3086D3B3905 /* Sources */ = {
			isa = PBXSourcesBuildPhase;
			buildActionMask = 2147483647;
			files = (
				9421DC921F5F9BD600C838BB /* Action.swift in Sources */,
				94930BCE1F60996400EB8BBF /* ActionContext.swift in Sources */,
				9421DC9B1F5F9BDC00C838BB /* ActionProcessing.swift in Sources */,
				9421DC971F5F9BD900C838BB /* Actualization.swift in Sources */,
				94930BCA1F608BEA00EB8BBF /* ActualizationOf.swift in Sources */,
				9421DC9A1F5F9BD900C838BB /* Deinitialization.swift in Sources */,
				94930BCC1F60957200EB8BBF /* DeinitializationFrom.swift in Sources */,
				9421DC9C1F5F9BDC00C838BB /* Dispatcher.swift in Sources */,
				9421DC931F5F9BD600C838BB /* Feature.swift in Sources */,
				9421DC941F5F9BD600C838BB /* FeatureState.swift in Sources */,
				9421DCA21F5F9BDC00C838BB /* GlobalModel.swift in Sources */,
				9421DC9D1F5F9BDC00C838BB /* GlobalMutation.swift in Sources */,
				9421DCA01F5F9BDC00C838BB /* HelperProtocols.swift in Sources */,
				9421DC961F5F9BD900C838BB /* Initialization.swift in Sources */,
				94930BC81F60889300EB8BBF /* InitializationInto.swift in Sources */,
				946964D91F607C4500DE8A62 /* Operators.swift in Sources */,
				9421DCA31F5F9BDC00C838BB /* ReportingHelpers.swift in Sources */,
				9421DCA41F5F9BDC00C838BB /* Subscriptions.swift in Sources */,
				9421DC981F5F9BD900C838BB /* Transition.swift in Sources */,
				94930BD01F609ACF00EB8BBF /* TransitionInto.swift in Sources */,
				9421DC991F5F9BD900C838BB /* Trigger.swift in Sources */,
			);
			runOnlyForDeploymentPostprocessing = 0;
		};
/* End PBXSourcesBuildPhase section */

/* Begin PBXTargetDependency section */
		A3A4E2657C95506652C38938 /* PBXTargetDependency */ = {
			isa = PBXTargetDependency;
			name = Fwk;
			target = F3CC3BEBC58E798E5E6678CD /* Fwk */;
			targetProxy = BE05E30162BD16C544A9FFD7 /* PBXContainerItemProxy */;
		};
/* End PBXTargetDependency section */

/* Begin XCBuildConfiguration section */
		2F83C6551DA01A9C7D1ED42A /* Debug */ = {
			isa = XCBuildConfiguration;
			baseConfigurationReference = E4C8AB0E44A6025C58245723 /* Pods-Fwk.debug.xcconfig */;
			buildSettings = {
				ALWAYS_EMBED_SWIFT_STANDARD_LIBRARIES = YES;
				CURRENT_PROJECT_VERSION = 1;
				DEFINES_MODULE = NO;
				ENABLE_TESTABILITY = YES;
				INFOPLIST_FILE = Info/Fwk.plist;
				INSTALL_PATH = "$(LOCAL_LIBRARY_DIR)/Frameworks";
				IPHONEOS_DEPLOYMENT_TARGET = 8.0;
				LD_RUNPATH_SEARCH_PATHS = "$(inherited) @executable_path/Frameworks";
				MTL_ENABLE_DEBUG_INFO = true;
				PRODUCT_BUNDLE_IDENTIFIER = io.XCEssentials.UniFlow;
				PRODUCT_NAME = XCEUniFlow;
				SDKROOT = iphoneos;
				SKIP_INSTALL = YES;
				SWIFT_VERSION = 3.0;
				TARGETED_DEVICE_FAMILY = "1,2";
				VERSIONING_SYSTEM = "apple-generic";
				VERSION_INFO_PREFIX = "";
			};
			name = Debug;
		};
		67E6F8DD0D8500EDBB45C8C1 /* Debug */ = {
			isa = XCBuildConfiguration;
			buildSettings = {
				ALWAYS_SEARCH_USER_PATHS = NO;
				CLANG_ANALYZER_NONNULL = YES;
				CLANG_CXX_LANGUAGE_STANDARD = "gnu++0x";
				CLANG_CXX_LIBRARY = "libc++";
				CLANG_ENABLE_MODULES = YES;
				CLANG_ENABLE_OBJC_ARC = YES;
				CLANG_WARN_BOOL_CONVERSION = YES;
				CLANG_WARN_CONSTANT_CONVERSION = YES;
				CLANG_WARN_DIRECT_OBJC_ISA_USAGE = YES_ERROR;
				CLANG_WARN_DOCUMENTATION_COMMENTS = YES;
				CLANG_WARN_EMPTY_BODY = YES;
				CLANG_WARN_ENUM_CONVERSION = YES;
				CLANG_WARN_INFINITE_RECURSION = YES;
				CLANG_WARN_INT_CONVERSION = YES;
				CLANG_WARN_OBJC_ROOT_CLASS = YES_ERROR;
				CLANG_WARN_SUSPICIOUS_MOVE = YES;
				CLANG_WARN_SUSPICIOUS_MOVES = YES;
				CLANG_WARN_UNREACHABLE_CODE = YES;
				CLANG_WARN__DUPLICATE_METHOD_MATCH = YES;
				CODE_SIGN_IDENTITY = "-";
				"CODE_SIGN_IDENTITY[sdk=iphoneos*]" = "iPhone Developer";
				COPY_PHASE_STRIP = NO;
				CURRENT_PROJECT_VERSION = 21;
				DEBUG_INFORMATION_FORMAT = dwarf;
				ENABLE_STRICT_OBJC_MSGSEND = YES;
				ENABLE_TESTABILITY = YES;
				GCC_C_LANGUAGE_STANDARD = gnu99;
				GCC_DYNAMIC_NO_PIC = NO;
				GCC_NO_COMMON_BLOCKS = YES;
				GCC_OPTIMIZATION_LEVEL = 0;
				GCC_PREPROCESSOR_DEFINITIONS = (
					"DEBUG=1",
					"$(inherited)",
				);
				GCC_WARN_64_TO_32_BIT_CONVERSION = YES;
				GCC_WARN_ABOUT_RETURN_TYPE = YES_ERROR;
				GCC_WARN_UNDECLARED_SELECTOR = YES;
				GCC_WARN_UNINITIALIZED_AUTOS = YES_AGGRESSIVE;
				GCC_WARN_UNUSED_FUNCTION = YES;
				GCC_WARN_UNUSED_VARIABLE = YES;
				IPHONEOS_DEPLOYMENT_TARGET = 8.0;
				MTL_ENABLE_DEBUG_INFO = YES;
				ONLY_ACTIVE_ARCH = YES;
				SWIFT_ACTIVE_COMPILATION_CONDITIONS = DEBUG;
				SWIFT_OPTIMIZATION_LEVEL = "-Onone";
				SWIFT_VERSION = 3.0;
				VERSIONING_SYSTEM = "apple-generic";
			};
			name = Debug;
		};
		6B777FD3EF527310039BC6C0 /* Release */ = {
			isa = XCBuildConfiguration;
			buildSettings = {
				ALWAYS_SEARCH_USER_PATHS = NO;
				CLANG_ANALYZER_NONNULL = YES;
				CLANG_CXX_LANGUAGE_STANDARD = "gnu++0x";
				CLANG_CXX_LIBRARY = "libc++";
				CLANG_ENABLE_MODULES = YES;
				CLANG_ENABLE_OBJC_ARC = YES;
				CLANG_WARN_BOOL_CONVERSION = YES;
				CLANG_WARN_CONSTANT_CONVERSION = YES;
				CLANG_WARN_DIRECT_OBJC_ISA_USAGE = YES_ERROR;
				CLANG_WARN_DOCUMENTATION_COMMENTS = YES;
				CLANG_WARN_EMPTY_BODY = YES;
				CLANG_WARN_ENUM_CONVERSION = YES;
				CLANG_WARN_INFINITE_RECURSION = YES;
				CLANG_WARN_INT_CONVERSION = YES;
				CLANG_WARN_OBJC_ROOT_CLASS = YES_ERROR;
				CLANG_WARN_SUSPICIOUS_MOVE = YES;
				CLANG_WARN_SUSPICIOUS_MOVES = YES;
				CLANG_WARN_UNREACHABLE_CODE = YES;
				CLANG_WARN__DUPLICATE_METHOD_MATCH = YES;
				CODE_SIGN_IDENTITY = "-";
				"CODE_SIGN_IDENTITY[sdk=iphoneos*]" = "iPhone Developer";
				COPY_PHASE_STRIP = NO;
				CURRENT_PROJECT_VERSION = 21;
				DEBUG_INFORMATION_FORMAT = "dwarf-with-dsym";
				ENABLE_NS_ASSERTIONS = NO;
				ENABLE_STRICT_OBJC_MSGSEND = YES;
				GCC_C_LANGUAGE_STANDARD = gnu99;
				GCC_NO_COMMON_BLOCKS = YES;
				GCC_WARN_64_TO_32_BIT_CONVERSION = YES;
				GCC_WARN_ABOUT_RETURN_TYPE = YES_ERROR;
				GCC_WARN_UNDECLARED_SELECTOR = YES;
				GCC_WARN_UNINITIALIZED_AUTOS = YES_AGGRESSIVE;
				GCC_WARN_UNUSED_FUNCTION = YES;
				GCC_WARN_UNUSED_VARIABLE = YES;
				IPHONEOS_DEPLOYMENT_TARGET = 8.0;
				MTL_ENABLE_DEBUG_INFO = NO;
				SWIFT_OPTIMIZATION_LEVEL = "-Owholemodule";
				SWIFT_VERSION = 3.0;
				VALIDATE_PRODUCT = YES;
				VERSIONING_SYSTEM = "apple-generic";
			};
			name = Release;
		};
		B42B29A64E5BA6EC54FB6EC1 /* Release */ = {
			isa = XCBuildConfiguration;
			baseConfigurationReference = AC41B4B449341FB98B13A24D /* Pods-Tests.release.xcconfig */;
			buildSettings = {
				ALWAYS_EMBED_SWIFT_STANDARD_LIBRARIES = YES;
				BUNDLE_LOADER = "$(TEST_HOST)";
				FRAMEWORK_SEARCH_PATHS = (
					"$(inherited)",
					"$(BUILT_PRODUCTS_DIR)",
				);
				INFOPLIST_FILE = Info/Tst.plist;
				IPHONEOS_DEPLOYMENT_TARGET = 8.0;
				LD_RUNPATH_SEARCH_PATHS = "$(inherited) @executable_path/Frameworks @loader_path/Frameworks";
				PRODUCT_BUNDLE_IDENTIFIER = io.XCEssentials.UniFlow.Tst;
				PRODUCT_NAME = "$(TARGET_NAME)";
				SDKROOT = iphoneos;
				SWIFT_VERSION = 3.0;
			};
			name = Release;
		};
		E7FCE8CB7219ACFA6566A16C /* Debug */ = {
			isa = XCBuildConfiguration;
			baseConfigurationReference = 9BCE00641CF74ADCDEC3901A /* Pods-Tests.debug.xcconfig */;
			buildSettings = {
				ALWAYS_EMBED_SWIFT_STANDARD_LIBRARIES = YES;
				BUNDLE_LOADER = "$(TEST_HOST)";
				FRAMEWORK_SEARCH_PATHS = (
					"$(inherited)",
					"$(BUILT_PRODUCTS_DIR)",
				);
				INFOPLIST_FILE = Info/Tst.plist;
				IPHONEOS_DEPLOYMENT_TARGET = 8.0;
				LD_RUNPATH_SEARCH_PATHS = "$(inherited) @executable_path/Frameworks @loader_path/Frameworks";
				MTL_ENABLE_DEBUG_INFO = true;
				PRODUCT_BUNDLE_IDENTIFIER = io.XCEssentials.UniFlow.Tst;
				PRODUCT_NAME = "$(TARGET_NAME)";
				SDKROOT = iphoneos;
				SWIFT_VERSION = 3.0;
			};
			name = Debug;
		};
		E8B61E33AA57F0524DF6E6DC /* Release */ = {
			isa = XCBuildConfiguration;
			baseConfigurationReference = DA624B5EAF5E7E92162F08B2 /* Pods-Fwk.release.xcconfig */;
			buildSettings = {
				ALWAYS_EMBED_SWIFT_STANDARD_LIBRARIES = YES;
				CURRENT_PROJECT_VERSION = 1;
				DEFINES_MODULE = NO;
				ENABLE_TESTABILITY = YES;
				INFOPLIST_FILE = Info/Fwk.plist;
				INSTALL_PATH = "$(LOCAL_LIBRARY_DIR)/Frameworks";
				IPHONEOS_DEPLOYMENT_TARGET = 8.0;
				LD_RUNPATH_SEARCH_PATHS = "$(inherited) @executable_path/Frameworks";
				PRODUCT_BUNDLE_IDENTIFIER = io.XCEssentials.UniFlow;
				PRODUCT_NAME = XCEUniFlow;
				SDKROOT = iphoneos;
				SKIP_INSTALL = YES;
				SWIFT_VERSION = 3.0;
				TARGETED_DEVICE_FAMILY = "1,2";
				VERSIONING_SYSTEM = "apple-generic";
				VERSION_INFO_PREFIX = "";
			};
			name = Release;
		};
/* End XCBuildConfiguration section */

/* Begin XCConfigurationList section */
		9B4F0B7E8300BFE925E00702 /* Build configuration list for PBXProject "Main" */ = {
			isa = XCConfigurationList;
			buildConfigurations = (
				67E6F8DD0D8500EDBB45C8C1 /* Debug */,
				6B777FD3EF527310039BC6C0 /* Release */,
			);
			defaultConfigurationIsVisible = 0;
			defaultConfigurationName = Debug;
		};
		AEAFF4F10F54333A224B8DDB /* Build configuration list for PBXNativeTarget "Tests" */ = {
			isa = XCConfigurationList;
			buildConfigurations = (
				E7FCE8CB7219ACFA6566A16C /* Debug */,
				B42B29A64E5BA6EC54FB6EC1 /* Release */,
			);
			defaultConfigurationIsVisible = 0;
			defaultConfigurationName = Release;
		};
		B9E1E1ACA1CFECC1824F6064 /* Build configuration list for PBXNativeTarget "Fwk" */ = {
			isa = XCConfigurationList;
			buildConfigurations = (
				2F83C6551DA01A9C7D1ED42A /* Debug */,
				E8B61E33AA57F0524DF6E6DC /* Release */,
			);
			defaultConfigurationIsVisible = 0;
			defaultConfigurationName = Release;
		};
/* End XCConfigurationList section */
	};
	rootObject = 06946347D283CCF78C397DC3 /* Project object */;
}
