// !$*UTF8*$!
{
	archiveVersion = 1;
	classes = {
	};
	objectVersion = 46;
	objects = {

/* Begin PBXBuildFile section */
		0CB746EDCC28D1E0360A574F /* Subscriptions.swift in Sources */ = {isa = PBXBuildFile; fileRef = CF8A48D099EEA71932A60B6F /* Subscriptions.swift */; };
		1A0C8F29C4D8A2FE925AFDFA /* Pods_Tests.framework in Frameworks */ = {isa = PBXBuildFile; fileRef = 39A348AE64DDC3F62111FEFA /* Pods_Tests.framework */; };
		2C614A162FBE362CCC1C9FD8 /* M.swift in Sources */ = {isa = PBXBuildFile; fileRef = 108F3760A25DB521BCF2B6CE /* M.swift */; };
		51AC7667DD82FABB70D4DEBF /* Dispatcher.swift in Sources */ = {isa = PBXBuildFile; fileRef = 70312CF3787F250F9AB0CE4F /* Dispatcher.swift */; };
		5CDA59C6414A97FC0EFDF72E /* Main.swift in Sources */ = {isa = PBXBuildFile; fileRef = 018827901654535FCE8C70DC /* Main.swift */; };
		82C2FFF2DDAD1BC7D438567A /* Pods_Fwk.framework in Frameworks */ = {isa = PBXBuildFile; fileRef = 71D399AC9179409F657A9CD8 /* Pods_Fwk.framework */; };
		94113EE71F37582A00352A9C /* Actualization.swift in Sources */ = {isa = PBXBuildFile; fileRef = 94113EE21F37581100352A9C /* Actualization.swift */; };
		94113EE81F37582A00352A9C /* Deinitialization.swift in Sources */ = {isa = PBXBuildFile; fileRef = 94113EE31F37581100352A9C /* Deinitialization.swift */; };
		94113EE91F37582A00352A9C /* Initialization.swift in Sources */ = {isa = PBXBuildFile; fileRef = 94113EE41F37581100352A9C /* Initialization.swift */; };
		94113EEA1F37582A00352A9C /* Transition.swift in Sources */ = {isa = PBXBuildFile; fileRef = 94113EE51F37581100352A9C /* Transition.swift */; };
		94113EEB1F37582A00352A9C /* Trigger.swift in Sources */ = {isa = PBXBuildFile; fileRef = 94113EE61F37581100352A9C /* Trigger.swift */; };
		94113EED1F3759BD00352A9C /* GlobalDiff.swift in Sources */ = {isa = PBXBuildFile; fileRef = 94113EEC1F3759BD00352A9C /* GlobalDiff.swift */; };
		9443386F1F39FB72008E4836 /* Operators.swift in Sources */ = {isa = PBXBuildFile; fileRef = 9443386E1F39FB72008E4836 /* Operators.swift */; };
		949CB27C1F23BA3200DDFDFC /* ReportingHelpers.swift in Sources */ = {isa = PBXBuildFile; fileRef = 949CB27B1F23BA3200DDFDFC /* ReportingHelpers.swift */; };
		94A7225D1F373D4800F7EADA /* HelperProtocols.swift in Sources */ = {isa = PBXBuildFile; fileRef = 94A7225C1F373D4800F7EADA /* HelperProtocols.swift */; };
		94BF9B481F40A10300B14206 /* Middleware.swift in Sources */ = {isa = PBXBuildFile; fileRef = 94BF9B471F40A10300B14206 /* Middleware.swift */; };
		94E849B91F36816800B8F98D /* GlobalModel.swift in Sources */ = {isa = PBXBuildFile; fileRef = 94E849B71F36814000B8F98D /* GlobalModel.swift */; };
		94E849BB1F3681A900B8F98D /* Feature.swift in Sources */ = {isa = PBXBuildFile; fileRef = 94E849BA1F3681A900B8F98D /* Feature.swift */; };
		94E849BD1F3681DB00B8F98D /* FeatureState.swift in Sources */ = {isa = PBXBuildFile; fileRef = 94E849BC1F3681DB00B8F98D /* FeatureState.swift */; };
		94E849C71F3684AF00B8F98D /* Action.swift in Sources */ = {isa = PBXBuildFile; fileRef = 94E849BF1F36846F00B8F98D /* Action.swift */; };
		94E849CE1F36857000B8F98D /* GenericActions.swift in Sources */ = {isa = PBXBuildFile; fileRef = 94E849CD1F36857000B8F98D /* GenericActions.swift */; };
		B685E60037F407D3CE0E2C3E /* Foundation.framework in Frameworks */ = {isa = PBXBuildFile; fileRef = 170D95578C5313F01B6F8B37 /* Foundation.framework */; };
		C3D9ABD77F5AFD6A8F67A861 /* Arithmetics.swift in Sources */ = {isa = PBXBuildFile; fileRef = 1B963C5720D1093F4F08FB3F /* Arithmetics.swift */; };
		D6773130857F3D94609D1D05 /* Aliases.swift in Sources */ = {isa = PBXBuildFile; fileRef = 4142B908C02F508B7B837D0F /* Aliases.swift */; };
		D74EF5AAF28A897E24ACAF13 /* Search.swift in Sources */ = {isa = PBXBuildFile; fileRef = 03186E114271BE51700CA6F9 /* Search.swift */; };
		E8F33CD22879B9663EEE7565 /* ActionProcessing.swift in Sources */ = {isa = PBXBuildFile; fileRef = F8F660813FD9100580637A00 /* ActionProcessing.swift */; };
		FDA7C253BAB8420D6C290EA8 /* Foundation.framework in Frameworks */ = {isa = PBXBuildFile; fileRef = 170D95578C5313F01B6F8B37 /* Foundation.framework */; };
/* End PBXBuildFile section */

/* Begin PBXContainerItemProxy section */
		BE05E30162BD16C544A9FFD7 /* PBXContainerItemProxy */ = {
			isa = PBXContainerItemProxy;
			containerPortal = 06946347D283CCF78C397DC3 /* Project object */;
			proxyType = 1;
			remoteGlobalIDString = F3CC3BEBC58E798E5E6678CD;
			remoteInfo = Fwk;
		};
/* End PBXContainerItemProxy section */

/* Begin PBXCopyFilesBuildPhase section */
		6A37C619CEB1BCC082B64FC8 /* Embed Frameworks */ = {
			isa = PBXCopyFilesBuildPhase;
			buildActionMask = 2147483647;
			dstPath = "";
			dstSubfolderSpec = 10;
			files = (
			);
			name = "Embed Frameworks";
			runOnlyForDeploymentPostprocessing = 0;
		};
		6DCA1203528520C5AC234752 /* Embed Frameworks */ = {
			isa = PBXCopyFilesBuildPhase;
			buildActionMask = 2147483647;
			dstPath = "";
			dstSubfolderSpec = 10;
			files = (
			);
			name = "Embed Frameworks";
			runOnlyForDeploymentPostprocessing = 0;
		};
/* End PBXCopyFilesBuildPhase section */

/* Begin PBXFileReference section */
		018827901654535FCE8C70DC /* Main.swift */ = {isa = PBXFileReference; includeInIndex = 1; lastKnownFileType = sourcecode.swift; path = Main.swift; sourceTree = "<group>"; };
		03186E114271BE51700CA6F9 /* Search.swift */ = {isa = PBXFileReference; includeInIndex = 1; lastKnownFileType = sourcecode.swift; path = Search.swift; sourceTree = "<group>"; };
		108F3760A25DB521BCF2B6CE /* M.swift */ = {isa = PBXFileReference; includeInIndex = 1; lastKnownFileType = sourcecode.swift; path = M.swift; sourceTree = "<group>"; };
		170D95578C5313F01B6F8B37 /* Foundation.framework */ = {isa = PBXFileReference; lastKnownFileType = wrapper.framework; name = Foundation.framework; path = Platforms/iPhoneOS.platform/Developer/SDKs/iPhoneOS10.3.sdk/System/Library/Frameworks/Foundation.framework; sourceTree = DEVELOPER_DIR; };
		1B963C5720D1093F4F08FB3F /* Arithmetics.swift */ = {isa = PBXFileReference; includeInIndex = 1; lastKnownFileType = sourcecode.swift; path = Arithmetics.swift; sourceTree = "<group>"; };
		39A348AE64DDC3F62111FEFA /* Pods_Tests.framework */ = {isa = PBXFileReference; explicitFileType = wrapper.framework; includeInIndex = 0; path = Pods_Tests.framework; sourceTree = BUILT_PRODUCTS_DIR; };
		4142B908C02F508B7B837D0F /* Aliases.swift */ = {isa = PBXFileReference; includeInIndex = 1; lastKnownFileType = sourcecode.swift; path = Aliases.swift; sourceTree = "<group>"; };
		509F6DDCB0B1A14921DEB015 /* Fwk.framework */ = {isa = PBXFileReference; explicitFileType = wrapper.framework; includeInIndex = 0; name = Fwk.framework; path = XCEUniFlow.framework; sourceTree = BUILT_PRODUCTS_DIR; };
		541FA9F6EB0DE5C17CF1FC7D /* Tests.xctest */ = {isa = PBXFileReference; explicitFileType = wrapper.cfbundle; includeInIndex = 0; path = Tests.xctest; sourceTree = BUILT_PRODUCTS_DIR; };
		70312CF3787F250F9AB0CE4F /* Dispatcher.swift */ = {isa = PBXFileReference; includeInIndex = 1; lastKnownFileType = sourcecode.swift; path = Dispatcher.swift; sourceTree = "<group>"; };
		71D399AC9179409F657A9CD8 /* Pods_Fwk.framework */ = {isa = PBXFileReference; explicitFileType = wrapper.framework; includeInIndex = 0; path = Pods_Fwk.framework; sourceTree = BUILT_PRODUCTS_DIR; };
		94113EE21F37581100352A9C /* Actualization.swift */ = {isa = PBXFileReference; lastKnownFileType = sourcecode.swift; path = Actualization.swift; sourceTree = "<group>"; };
		94113EE31F37581100352A9C /* Deinitialization.swift */ = {isa = PBXFileReference; lastKnownFileType = sourcecode.swift; path = Deinitialization.swift; sourceTree = "<group>"; };
		94113EE41F37581100352A9C /* Initialization.swift */ = {isa = PBXFileReference; lastKnownFileType = sourcecode.swift; path = Initialization.swift; sourceTree = "<group>"; };
		94113EE51F37581100352A9C /* Transition.swift */ = {isa = PBXFileReference; lastKnownFileType = sourcecode.swift; path = Transition.swift; sourceTree = "<group>"; };
		94113EE61F37581100352A9C /* Trigger.swift */ = {isa = PBXFileReference; lastKnownFileType = sourcecode.swift; path = Trigger.swift; sourceTree = "<group>"; };
		94113EEC1F3759BD00352A9C /* GlobalDiff.swift */ = {isa = PBXFileReference; lastKnownFileType = sourcecode.swift; path = GlobalDiff.swift; sourceTree = "<group>"; };
		9443386E1F39FB72008E4836 /* Operators.swift */ = {isa = PBXFileReference; lastKnownFileType = sourcecode.swift; path = Operators.swift; sourceTree = "<group>"; };
		949CB27B1F23BA3200DDFDFC /* ReportingHelpers.swift */ = {isa = PBXFileReference; lastKnownFileType = sourcecode.swift; path = ReportingHelpers.swift; sourceTree = "<group>"; };
		94A7225C1F373D4800F7EADA /* HelperProtocols.swift */ = {isa = PBXFileReference; lastKnownFileType = sourcecode.swift; path = HelperProtocols.swift; sourceTree = "<group>"; };
		94BF9B471F40A10300B14206 /* Middleware.swift */ = {isa = PBXFileReference; lastKnownFileType = sourcecode.swift; path = Middleware.swift; sourceTree = "<group>"; };
		94E849B71F36814000B8F98D /* GlobalModel.swift */ = {isa = PBXFileReference; lastKnownFileType = sourcecode.swift; path = GlobalModel.swift; sourceTree = "<group>"; };
		94E849BA1F3681A900B8F98D /* Feature.swift */ = {isa = PBXFileReference; lastKnownFileType = sourcecode.swift; path = Feature.swift; sourceTree = "<group>"; };
		94E849BC1F3681DB00B8F98D /* FeatureState.swift */ = {isa = PBXFileReference; lastKnownFileType = sourcecode.swift; path = FeatureState.swift; sourceTree = "<group>"; };
		94E849BF1F36846F00B8F98D /* Action.swift */ = {isa = PBXFileReference; lastKnownFileType = sourcecode.swift; path = Action.swift; sourceTree = "<group>"; };
		94E849CD1F36857000B8F98D /* GenericActions.swift */ = {isa = PBXFileReference; lastKnownFileType = sourcecode.swift; path = GenericActions.swift; sourceTree = "<group>"; };
		9BCE00641CF74ADCDEC3901A /* Pods-Tests.debug.xcconfig */ = {isa = PBXFileReference; includeInIndex = 1; lastKnownFileType = text.xcconfig; name = "Pods-Tests.debug.xcconfig"; path = "Pods/Target Support Files/Pods-Tests/Pods-Tests.debug.xcconfig"; sourceTree = "<group>"; };
		AC41B4B449341FB98B13A24D /* Pods-Tests.release.xcconfig */ = {isa = PBXFileReference; includeInIndex = 1; lastKnownFileType = text.xcconfig; name = "Pods-Tests.release.xcconfig"; path = "Pods/Target Support Files/Pods-Tests/Pods-Tests.release.xcconfig"; sourceTree = "<group>"; };
		CF8A48D099EEA71932A60B6F /* Subscriptions.swift */ = {isa = PBXFileReference; includeInIndex = 1; lastKnownFileType = sourcecode.swift; path = Subscriptions.swift; sourceTree = "<group>"; };
		DA624B5EAF5E7E92162F08B2 /* Pods-Fwk.release.xcconfig */ = {isa = PBXFileReference; includeInIndex = 1; lastKnownFileType = text.xcconfig; name = "Pods-Fwk.release.xcconfig"; path = "Pods/Target Support Files/Pods-Fwk/Pods-Fwk.release.xcconfig"; sourceTree = "<group>"; };
		E4C8AB0E44A6025C58245723 /* Pods-Fwk.debug.xcconfig */ = {isa = PBXFileReference; includeInIndex = 1; lastKnownFileType = text.xcconfig; name = "Pods-Fwk.debug.xcconfig"; path = "Pods/Target Support Files/Pods-Fwk/Pods-Fwk.debug.xcconfig"; sourceTree = "<group>"; };
		F8F660813FD9100580637A00 /* ActionProcessing.swift */ = {isa = PBXFileReference; includeInIndex = 1; lastKnownFileType = sourcecode.swift; path = ActionProcessing.swift; sourceTree = "<group>"; };
/* End PBXFileReference section */

/* Begin PBXFrameworksBuildPhase section */
		51BC86EA2395D90340FC0BF0 /* Frameworks */ = {
			isa = PBXFrameworksBuildPhase;
			buildActionMask = 2147483647;
			files = (
				FDA7C253BAB8420D6C290EA8 /* Foundation.framework in Frameworks */,
				82C2FFF2DDAD1BC7D438567A /* Pods_Fwk.framework in Frameworks */,
			);
			runOnlyForDeploymentPostprocessing = 0;
		};
		941CDC779744D6DC8D587EAF /* Frameworks */ = {
			isa = PBXFrameworksBuildPhase;
			buildActionMask = 2147483647;
			files = (
				B685E60037F407D3CE0E2C3E /* Foundation.framework in Frameworks */,
				1A0C8F29C4D8A2FE925AFDFA /* Pods_Tests.framework in Frameworks */,
			);
			runOnlyForDeploymentPostprocessing = 0;
		};
/* End PBXFrameworksBuildPhase section */

/* Begin PBXGroup section */
		0E8029C5F37F2FF3258AD029 /* iOS */ = {
			isa = PBXGroup;
			children = (
				170D95578C5313F01B6F8B37 /* Foundation.framework */,
			);
			name = iOS;
			sourceTree = "<group>";
		};
		605B6CCF42A3F71B16DA5DAB /* Products */ = {
			isa = PBXGroup;
			children = (
				509F6DDCB0B1A14921DEB015 /* Fwk.framework */,
				541FA9F6EB0DE5C17CF1FC7D /* Tests.xctest */,
			);
			name = Products;
			sourceTree = "<group>";
		};
		694A81FEA6B032CC389E839A = {
			isa = PBXGroup;
			children = (
				77BAFDBE5D5DC74A7DA5CC5C /* Frameworks */,
				CCB12E04C4B5615526102E10 /* Pods */,
				605B6CCF42A3F71B16DA5DAB /* Products */,
				F93CCBA4EE1207F54A25CEAF /* Sources */,
				91C96DEB87338EEDC8EDD43A /* Tests */,
			);
			sourceTree = "<group>";
		};
		77BAFDBE5D5DC74A7DA5CC5C /* Frameworks */ = {
			isa = PBXGroup;
			children = (
				811FACE2F6AE7F1F2582C87C /* $local */,
				0E8029C5F37F2FF3258AD029 /* iOS */,
				71D399AC9179409F657A9CD8 /* Pods_Fwk.framework */,
				39A348AE64DDC3F62111FEFA /* Pods_Tests.framework */,
			);
			name = Frameworks;
			sourceTree = "<group>";
		};
		811FACE2F6AE7F1F2582C87C /* $local */ = {
			isa = PBXGroup;
			children = (
			);
			name = $local;
			sourceTree = "<group>";
		};
		824814F3DC87680FED9E9C8B /* Dispatcher */ = {
			isa = PBXGroup;
			children = (
				F8F660813FD9100580637A00 /* ActionProcessing.swift */,
				70312CF3787F250F9AB0CE4F /* Dispatcher.swift */,
				94A7225C1F373D4800F7EADA /* HelperProtocols.swift */,
				949CB27B1F23BA3200DDFDFC /* ReportingHelpers.swift */,
				94BF9B471F40A10300B14206 /* Middleware.swift */,
				CF8A48D099EEA71932A60B6F /* Subscriptions.swift */,
			);
			path = Dispatcher;
			sourceTree = "<group>";
		};
		91C96DEB87338EEDC8EDD43A /* Tests */ = {
			isa = PBXGroup;
			children = (
				018827901654535FCE8C70DC /* Main.swift */,
				A7EA12A0F7579B79D415F77D /* Spec */,
			);
			path = Tests;
			sourceTree = SOURCE_ROOT;
		};
		94113EE11F37581100352A9C /* FeatureMutations */ = {
			isa = PBXGroup;
			children = (
				94113EE41F37581100352A9C /* Initialization.swift */,
				94113EE21F37581100352A9C /* Actualization.swift */,
				94113EE51F37581100352A9C /* Transition.swift */,
				94113EE61F37581100352A9C /* Trigger.swift */,
				94113EE31F37581100352A9C /* Deinitialization.swift */,
			);
			path = FeatureMutations;
			sourceTree = "<group>";
		};
		94E849B61F36814000B8F98D /* Model */ = {
			isa = PBXGroup;
			children = (
				94E849BA1F3681A900B8F98D /* Feature.swift */,
				94E849BC1F3681DB00B8F98D /* FeatureState.swift */,
				94E849B71F36814000B8F98D /* GlobalModel.swift */,
			);
			path = Model;
			sourceTree = "<group>";
		};
		94E849BE1F36846F00B8F98D /* Mutations */ = {
			isa = PBXGroup;
			children = (
				94E849BF1F36846F00B8F98D /* Action.swift */,
				94113EEC1F3759BD00352A9C /* GlobalDiff.swift */,
				94113EE11F37581100352A9C /* FeatureMutations */,
				94E849CD1F36857000B8F98D /* GenericActions.swift */,
			);
			path = Mutations;
			sourceTree = "<group>";
		};
		A7EA12A0F7579B79D415F77D /* Spec */ = {
			isa = PBXGroup;
			children = (
				1B963C5720D1093F4F08FB3F /* Arithmetics.swift */,
				108F3760A25DB521BCF2B6CE /* M.swift */,
				03186E114271BE51700CA6F9 /* Search.swift */,
			);
			path = Spec;
			sourceTree = "<group>";
		};
		CCB12E04C4B5615526102E10 /* Pods */ = {
			isa = PBXGroup;
			children = (
				E4C8AB0E44A6025C58245723 /* Pods-Fwk.debug.xcconfig */,
				DA624B5EAF5E7E92162F08B2 /* Pods-Fwk.release.xcconfig */,
				9BCE00641CF74ADCDEC3901A /* Pods-Tests.debug.xcconfig */,
				AC41B4B449341FB98B13A24D /* Pods-Tests.release.xcconfig */,
			);
			name = Pods;
			sourceTree = "<group>";
		};
		F93CCBA4EE1207F54A25CEAF /* Sources */ = {
			isa = PBXGroup;
			children = (
				4142B908C02F508B7B837D0F /* Aliases.swift */,
				9443386E1F39FB72008E4836 /* Operators.swift */,
				824814F3DC87680FED9E9C8B /* Dispatcher */,
				94E849B61F36814000B8F98D /* Model */,
				94E849BE1F36846F00B8F98D /* Mutations */,
			);
			path = Sources;
			sourceTree = SOURCE_ROOT;
		};
/* End PBXGroup section */

/* Begin PBXNativeTarget section */
		824A42D42FAC59545DA03E9B /* Tests */ = {
			isa = PBXNativeTarget;
			buildConfigurationList = AEAFF4F10F54333A224B8DDB /* Build configuration list for PBXNativeTarget "Tests" */;
			buildPhases = (
				600D1454F1E6768DA1AD8255 /* [CP] Check Pods Manifest.lock */,
				08226E83C959CC1148AA7D9D /* Sources */,
				941CDC779744D6DC8D587EAF /* Frameworks */,
				6DCA1203528520C5AC234752 /* Embed Frameworks */,
				292A42E3D3F06D6AA19D6B3E /* [CP] Embed Pods Frameworks */,
				F9473E6D7AA69B25DD6B6A2A /* [CP] Copy Pods Resources */,
			);
			buildRules = (
			);
			dependencies = (
				A3A4E2657C95506652C38938 /* PBXTargetDependency */,
			);
			name = Tests;
			productName = Tests;
			productReference = 541FA9F6EB0DE5C17CF1FC7D /* Tests.xctest */;
			productType = "com.apple.product-type.bundle.unit-test";
		};
		F3CC3BEBC58E798E5E6678CD /* Fwk */ = {
			isa = PBXNativeTarget;
			buildConfigurationList = B9E1E1ACA1CFECC1824F6064 /* Build configuration list for PBXNativeTarget "Fwk" */;
			buildPhases = (
				FECDB45EB4DEB5FB4CEB4B58 /* SwiftLint */,
				8F576FB8D826F0F4B892B34F /* [CP] Check Pods Manifest.lock */,
				290E66AEEFC3D3086D3B3905 /* Sources */,
				51BC86EA2395D90340FC0BF0 /* Frameworks */,
				6A37C619CEB1BCC082B64FC8 /* Embed Frameworks */,
				71FB68471B1EE960A6910DFA /* [CP] Copy Pods Resources */,
			);
			buildRules = (
			);
			dependencies = (
			);
			name = Fwk;
			productName = Fwk;
			productReference = 509F6DDCB0B1A14921DEB015 /* Fwk.framework */;
			productType = "com.apple.product-type.framework";
		};
/* End PBXNativeTarget section */

/* Begin PBXProject section */
		06946347D283CCF78C397DC3 /* Project object */ = {
			isa = PBXProject;
			attributes = {
				LastSwiftUpdateCheck = 0830;
				LastUpgradeCheck = 0700;
				Struct.Version = 2.1.0;
			};
			buildConfigurationList = 9B4F0B7E8300BFE925E00702 /* Build configuration list for PBXProject "Main" */;
			compatibilityVersion = "Xcode 3.2";
			developmentRegion = English;
			hasScannedForEncodings = 0;
			knownRegions = (
				en,
			);
			mainGroup = 694A81FEA6B032CC389E839A;
			productRefGroup = 605B6CCF42A3F71B16DA5DAB /* Products */;
			projectDirPath = "";
			projectRoot = "";
			targets = (
				F3CC3BEBC58E798E5E6678CD /* Fwk */,
				824A42D42FAC59545DA03E9B /* Tests */,
			);
		};
/* End PBXProject section */

/* Begin PBXShellScriptBuildPhase section */
		292A42E3D3F06D6AA19D6B3E /* [CP] Embed Pods Frameworks */ = {
			isa = PBXShellScriptBuildPhase;
			buildActionMask = 2147483647;
			files = (
			);
			inputPaths = (
			);
			name = "[CP] Embed Pods Frameworks";
			outputPaths = (
			);
			runOnlyForDeploymentPostprocessing = 0;
			shellPath = /bin/sh;
			shellScript = "\"${SRCROOT}/Pods/Target Support Files/Pods-Tests/Pods-Tests-frameworks.sh\"\n";
			showEnvVarsInLog = 0;
		};
		600D1454F1E6768DA1AD8255 /* [CP] Check Pods Manifest.lock */ = {
			isa = PBXShellScriptBuildPhase;
			buildActionMask = 2147483647;
			files = (
			);
			inputPaths = (
			);
			name = "[CP] Check Pods Manifest.lock";
			outputPaths = (
			);
			runOnlyForDeploymentPostprocessing = 0;
			shellPath = /bin/sh;
			shellScript = "diff \"${PODS_PODFILE_DIR_PATH}/Podfile.lock\" \"${PODS_ROOT}/Manifest.lock\" > /dev/null\nif [ $? != 0 ] ; then\n    # print error to STDERR\n    echo \"error: The sandbox is not in sync with the Podfile.lock. Run 'pod install' or update your CocoaPods installation.\" >&2\n    exit 1\nfi\n";
			showEnvVarsInLog = 0;
		};
		71FB68471B1EE960A6910DFA /* [CP] Copy Pods Resources */ = {
			isa = PBXShellScriptBuildPhase;
			buildActionMask = 2147483647;
			files = (
			);
			inputPaths = (
			);
			name = "[CP] Copy Pods Resources";
			outputPaths = (
			);
			runOnlyForDeploymentPostprocessing = 0;
			shellPath = /bin/sh;
			shellScript = "\"${SRCROOT}/Pods/Target Support Files/Pods-Fwk/Pods-Fwk-resources.sh\"\n";
			showEnvVarsInLog = 0;
		};
		8F576FB8D826F0F4B892B34F /* [CP] Check Pods Manifest.lock */ = {
			isa = PBXShellScriptBuildPhase;
			buildActionMask = 2147483647;
			files = (
			);
			inputPaths = (
			);
			name = "[CP] Check Pods Manifest.lock";
			outputPaths = (
			);
			runOnlyForDeploymentPostprocessing = 0;
			shellPath = /bin/sh;
			shellScript = "diff \"${PODS_PODFILE_DIR_PATH}/Podfile.lock\" \"${PODS_ROOT}/Manifest.lock\" > /dev/null\nif [ $? != 0 ] ; then\n    # print error to STDERR\n    echo \"error: The sandbox is not in sync with the Podfile.lock. Run 'pod install' or update your CocoaPods installation.\" >&2\n    exit 1\nfi\n";
			showEnvVarsInLog = 0;
		};
		F9473E6D7AA69B25DD6B6A2A /* [CP] Copy Pods Resources */ = {
			isa = PBXShellScriptBuildPhase;
			buildActionMask = 2147483647;
			files = (
			);
			inputPaths = (
			);
			name = "[CP] Copy Pods Resources";
			outputPaths = (
			);
			runOnlyForDeploymentPostprocessing = 0;
			shellPath = /bin/sh;
			shellScript = "\"${SRCROOT}/Pods/Target Support Files/Pods-Tests/Pods-Tests-resources.sh\"\n";
			showEnvVarsInLog = 0;
		};
		FECDB45EB4DEB5FB4CEB4B58 /* SwiftLint */ = {
			isa = PBXShellScriptBuildPhase;
			buildActionMask = 2147483647;
			files = (
			);
			inputPaths = (
			);
			name = SwiftLint;
			outputPaths = (
			);
			runOnlyForDeploymentPostprocessing = 0;
			shellPath = /bin/sh;
			shellScript = "if which swiftlint >/dev/null; then\n    swiftlint\nelse\n    echo \"warning: SwiftLint not installed, download from https://github.com/realm/SwiftLint\"\nfi";
		};
/* End PBXShellScriptBuildPhase section */

/* Begin PBXSourcesBuildPhase section */
		08226E83C959CC1148AA7D9D /* Sources */ = {
			isa = PBXSourcesBuildPhase;
			buildActionMask = 2147483647;
			files = (
				C3D9ABD77F5AFD6A8F67A861 /* Arithmetics.swift in Sources */,
				2C614A162FBE362CCC1C9FD8 /* M.swift in Sources */,
				5CDA59C6414A97FC0EFDF72E /* Main.swift in Sources */,
				D74EF5AAF28A897E24ACAF13 /* Search.swift in Sources */,
			);
			runOnlyForDeploymentPostprocessing = 0;
		};
		290E66AEEFC3D3086D3B3905 /* Sources */ = {
			isa = PBXSourcesBuildPhase;
			buildActionMask = 2147483647;
			files = (
				94BF9B481F40A10300B14206 /* Middleware.swift in Sources */,
				94E849C71F3684AF00B8F98D /* Action.swift in Sources */,
				E8F33CD22879B9663EEE7565 /* ActionProcessing.swift in Sources */,
				94113EE71F37582A00352A9C /* Actualization.swift in Sources */,
				D6773130857F3D94609D1D05 /* Aliases.swift in Sources */,
				94113EE81F37582A00352A9C /* Deinitialization.swift in Sources */,
				51AC7667DD82FABB70D4DEBF /* Dispatcher.swift in Sources */,
				94113EED1F3759BD00352A9C /* GlobalDiff.swift in Sources */,
				94E849BB1F3681A900B8F98D /* Feature.swift in Sources */,
				94E849BD1F3681DB00B8F98D /* FeatureState.swift in Sources */,
				94E849CE1F36857000B8F98D /* GenericActions.swift in Sources */,
				94E849B91F36816800B8F98D /* GlobalModel.swift in Sources */,
				94A7225D1F373D4800F7EADA /* HelperProtocols.swift in Sources */,
				94113EE91F37582A00352A9C /* Initialization.swift in Sources */,
				949CB27C1F23BA3200DDFDFC /* ReportingHelpers.swift in Sources */,
				0CB746EDCC28D1E0360A574F /* Subscriptions.swift in Sources */,
				94113EEA1F37582A00352A9C /* Transition.swift in Sources */,
				94113EEB1F37582A00352A9C /* Trigger.swift in Sources */,
				9443386F1F39FB72008E4836 /* Operators.swift in Sources */,
			);
			runOnlyForDeploymentPostprocessing = 0;
		};
/* End PBXSourcesBuildPhase section */

/* Begin PBXTargetDependency section */
		A3A4E2657C95506652C38938 /* PBXTargetDependency */ = {
			isa = PBXTargetDependency;
			name = Fwk;
			target = F3CC3BEBC58E798E5E6678CD /* Fwk */;
			targetProxy = BE05E30162BD16C544A9FFD7 /* PBXContainerItemProxy */;
		};
/* End PBXTargetDependency section */

/* Begin XCBuildConfiguration section */
		2F83C6551DA01A9C7D1ED42A /* Debug */ = {
			isa = XCBuildConfiguration;
			baseConfigurationReference = E4C8AB0E44A6025C58245723 /* Pods-Fwk.debug.xcconfig */;
			buildSettings = {
				ALWAYS_EMBED_SWIFT_STANDARD_LIBRARIES = YES;
				CURRENT_PROJECT_VERSION = 1;
				DEFINES_MODULE = NO;
				ENABLE_TESTABILITY = YES;
				INFOPLIST_FILE = Info/Fwk.plist;
				INSTALL_PATH = "$(LOCAL_LIBRARY_DIR)/Frameworks";
				IPHONEOS_DEPLOYMENT_TARGET = 8.0;
				LD_RUNPATH_SEARCH_PATHS = "$(inherited) @executable_path/Frameworks";
				MTL_ENABLE_DEBUG_INFO = true;
				PRODUCT_BUNDLE_IDENTIFIER = io.XCEssentials.UniFlow;
				PRODUCT_NAME = XCEUniFlow;
				SDKROOT = iphoneos;
				SKIP_INSTALL = YES;
				SWIFT_VERSION = 3.0;
				TARGETED_DEVICE_FAMILY = "1,2";
				VERSIONING_SYSTEM = "apple-generic";
				VERSION_INFO_PREFIX = "";
			};
			name = Debug;
		};
		67E6F8DD0D8500EDBB45C8C1 /* Debug */ = {
			isa = XCBuildConfiguration;
			buildSettings = {
				ALWAYS_SEARCH_USER_PATHS = NO;
				CLANG_ANALYZER_NONNULL = YES;
				CLANG_CXX_LANGUAGE_STANDARD = "gnu++0x";
				CLANG_CXX_LIBRARY = "libc++";
				CLANG_ENABLE_MODULES = YES;
				CLANG_ENABLE_OBJC_ARC = YES;
				CLANG_WARN_BOOL_CONVERSION = YES;
				CLANG_WARN_CONSTANT_CONVERSION = YES;
				CLANG_WARN_DIRECT_OBJC_ISA_USAGE = YES_ERROR;
				CLANG_WARN_DOCUMENTATION_COMMENTS = YES;
				CLANG_WARN_EMPTY_BODY = YES;
				CLANG_WARN_ENUM_CONVERSION = YES;
				CLANG_WARN_INFINITE_RECURSION = YES;
				CLANG_WARN_INT_CONVERSION = YES;
				CLANG_WARN_OBJC_ROOT_CLASS = YES_ERROR;
				CLANG_WARN_SUSPICIOUS_MOVE = YES;
				CLANG_WARN_SUSPICIOUS_MOVES = YES;
				CLANG_WARN_UNREACHABLE_CODE = YES;
				CLANG_WARN__DUPLICATE_METHOD_MATCH = YES;
				CODE_SIGN_IDENTITY = "-";
				"CODE_SIGN_IDENTITY[sdk=iphoneos*]" = "iPhone Developer";
				COPY_PHASE_STRIP = NO;
				CURRENT_PROJECT_VERSION = 21;
				DEBUG_INFORMATION_FORMAT = dwarf;
				ENABLE_STRICT_OBJC_MSGSEND = YES;
				ENABLE_TESTABILITY = YES;
				GCC_C_LANGUAGE_STANDARD = gnu99;
				GCC_DYNAMIC_NO_PIC = NO;
				GCC_NO_COMMON_BLOCKS = YES;
				GCC_OPTIMIZATION_LEVEL = 0;
				GCC_PREPROCESSOR_DEFINITIONS = (
					"DEBUG=1",
					"$(inherited)",
				);
				GCC_WARN_64_TO_32_BIT_CONVERSION = YES;
				GCC_WARN_ABOUT_RETURN_TYPE = YES_ERROR;
				GCC_WARN_UNDECLARED_SELECTOR = YES;
				GCC_WARN_UNINITIALIZED_AUTOS = YES_AGGRESSIVE;
				GCC_WARN_UNUSED_FUNCTION = YES;
				GCC_WARN_UNUSED_VARIABLE = YES;
				IPHONEOS_DEPLOYMENT_TARGET = 8.0;
				MTL_ENABLE_DEBUG_INFO = YES;
				ONLY_ACTIVE_ARCH = YES;
				SWIFT_ACTIVE_COMPILATION_CONDITIONS = DEBUG;
				SWIFT_OPTIMIZATION_LEVEL = "-Onone";
				SWIFT_VERSION = 3.0;
				VERSIONING_SYSTEM = "apple-generic";
			};
			name = Debug;
		};
		6B777FD3EF527310039BC6C0 /* Release */ = {
			isa = XCBuildConfiguration;
			buildSettings = {
				ALWAYS_SEARCH_USER_PATHS = NO;
				CLANG_ANALYZER_NONNULL = YES;
				CLANG_CXX_LANGUAGE_STANDARD = "gnu++0x";
				CLANG_CXX_LIBRARY = "libc++";
				CLANG_ENABLE_MODULES = YES;
				CLANG_ENABLE_OBJC_ARC = YES;
				CLANG_WARN_BOOL_CONVERSION = YES;
				CLANG_WARN_CONSTANT_CONVERSION = YES;
				CLANG_WARN_DIRECT_OBJC_ISA_USAGE = YES_ERROR;
				CLANG_WARN_DOCUMENTATION_COMMENTS = YES;
				CLANG_WARN_EMPTY_BODY = YES;
				CLANG_WARN_ENUM_CONVERSION = YES;
				CLANG_WARN_INFINITE_RECURSION = YES;
				CLANG_WARN_INT_CONVERSION = YES;
				CLANG_WARN_OBJC_ROOT_CLASS = YES_ERROR;
				CLANG_WARN_SUSPICIOUS_MOVE = YES;
				CLANG_WARN_SUSPICIOUS_MOVES = YES;
				CLANG_WARN_UNREACHABLE_CODE = YES;
				CLANG_WARN__DUPLICATE_METHOD_MATCH = YES;
				CODE_SIGN_IDENTITY = "-";
				"CODE_SIGN_IDENTITY[sdk=iphoneos*]" = "iPhone Developer";
				COPY_PHASE_STRIP = NO;
				CURRENT_PROJECT_VERSION = 21;
				DEBUG_INFORMATION_FORMAT = "dwarf-with-dsym";
				ENABLE_NS_ASSERTIONS = NO;
				ENABLE_STRICT_OBJC_MSGSEND = YES;
				GCC_C_LANGUAGE_STANDARD = gnu99;
				GCC_NO_COMMON_BLOCKS = YES;
				GCC_WARN_64_TO_32_BIT_CONVERSION = YES;
				GCC_WARN_ABOUT_RETURN_TYPE = YES_ERROR;
				GCC_WARN_UNDECLARED_SELECTOR = YES;
				GCC_WARN_UNINITIALIZED_AUTOS = YES_AGGRESSIVE;
				GCC_WARN_UNUSED_FUNCTION = YES;
				GCC_WARN_UNUSED_VARIABLE = YES;
				IPHONEOS_DEPLOYMENT_TARGET = 8.0;
				MTL_ENABLE_DEBUG_INFO = NO;
				SWIFT_OPTIMIZATION_LEVEL = "-Owholemodule";
				SWIFT_VERSION = 3.0;
				VALIDATE_PRODUCT = YES;
				VERSIONING_SYSTEM = "apple-generic";
			};
			name = Release;
		};
		B42B29A64E5BA6EC54FB6EC1 /* Release */ = {
			isa = XCBuildConfiguration;
			baseConfigurationReference = AC41B4B449341FB98B13A24D /* Pods-Tests.release.xcconfig */;
			buildSettings = {
				ALWAYS_EMBED_SWIFT_STANDARD_LIBRARIES = YES;
				BUNDLE_LOADER = "$(TEST_HOST)";
				FRAMEWORK_SEARCH_PATHS = (
					"$(inherited)",
					"$(BUILT_PRODUCTS_DIR)",
				);
				INFOPLIST_FILE = Info/Tst.plist;
				IPHONEOS_DEPLOYMENT_TARGET = 8.0;
				LD_RUNPATH_SEARCH_PATHS = "$(inherited) @executable_path/Frameworks @loader_path/Frameworks";
				PRODUCT_BUNDLE_IDENTIFIER = io.XCEssentials.UniFlow.Tst;
				PRODUCT_NAME = "$(TARGET_NAME)";
				SDKROOT = iphoneos;
				SWIFT_VERSION = 3.0;
			};
			name = Release;
		};
		E7FCE8CB7219ACFA6566A16C /* Debug */ = {
			isa = XCBuildConfiguration;
			baseConfigurationReference = 9BCE00641CF74ADCDEC3901A /* Pods-Tests.debug.xcconfig */;
			buildSettings = {
				ALWAYS_EMBED_SWIFT_STANDARD_LIBRARIES = YES;
				BUNDLE_LOADER = "$(TEST_HOST)";
				FRAMEWORK_SEARCH_PATHS = (
					"$(inherited)",
					"$(BUILT_PRODUCTS_DIR)",
				);
				INFOPLIST_FILE = Info/Tst.plist;
				IPHONEOS_DEPLOYMENT_TARGET = 8.0;
				LD_RUNPATH_SEARCH_PATHS = "$(inherited) @executable_path/Frameworks @loader_path/Frameworks";
				MTL_ENABLE_DEBUG_INFO = true;
				PRODUCT_BUNDLE_IDENTIFIER = io.XCEssentials.UniFlow.Tst;
				PRODUCT_NAME = "$(TARGET_NAME)";
				SDKROOT = iphoneos;
				SWIFT_VERSION = 3.0;
			};
			name = Debug;
		};
		E8B61E33AA57F0524DF6E6DC /* Release */ = {
			isa = XCBuildConfiguration;
			baseConfigurationReference = DA624B5EAF5E7E92162F08B2 /* Pods-Fwk.release.xcconfig */;
			buildSettings = {
				ALWAYS_EMBED_SWIFT_STANDARD_LIBRARIES = YES;
				CURRENT_PROJECT_VERSION = 1;
				DEFINES_MODULE = NO;
				ENABLE_TESTABILITY = YES;
				INFOPLIST_FILE = Info/Fwk.plist;
				INSTALL_PATH = "$(LOCAL_LIBRARY_DIR)/Frameworks";
				IPHONEOS_DEPLOYMENT_TARGET = 8.0;
				LD_RUNPATH_SEARCH_PATHS = "$(inherited) @executable_path/Frameworks";
				PRODUCT_BUNDLE_IDENTIFIER = io.XCEssentials.UniFlow;
				PRODUCT_NAME = XCEUniFlow;
				SDKROOT = iphoneos;
				SKIP_INSTALL = YES;
				SWIFT_VERSION = 3.0;
				TARGETED_DEVICE_FAMILY = "1,2";
				VERSIONING_SYSTEM = "apple-generic";
				VERSION_INFO_PREFIX = "";
			};
			name = Release;
		};
/* End XCBuildConfiguration section */

/* Begin XCConfigurationList section */
		9B4F0B7E8300BFE925E00702 /* Build configuration list for PBXProject "Main" */ = {
			isa = XCConfigurationList;
			buildConfigurations = (
				67E6F8DD0D8500EDBB45C8C1 /* Debug */,
				6B777FD3EF527310039BC6C0 /* Release */,
			);
			defaultConfigurationIsVisible = 0;
			defaultConfigurationName = Debug;
		};
		AEAFF4F10F54333A224B8DDB /* Build configuration list for PBXNativeTarget "Tests" */ = {
			isa = XCConfigurationList;
			buildConfigurations = (
				E7FCE8CB7219ACFA6566A16C /* Debug */,
				B42B29A64E5BA6EC54FB6EC1 /* Release */,
			);
			defaultConfigurationIsVisible = 0;
			defaultConfigurationName = Release;
		};
		B9E1E1ACA1CFECC1824F6064 /* Build configuration list for PBXNativeTarget "Fwk" */ = {
			isa = XCConfigurationList;
			buildConfigurations = (
				2F83C6551DA01A9C7D1ED42A /* Debug */,
				E8B61E33AA57F0524DF6E6DC /* Release */,
			);
			defaultConfigurationIsVisible = 0;
			defaultConfigurationName = Release;
		};
/* End XCConfigurationList section */
	};
	rootObject = 06946347D283CCF78C397DC3 /* Project object */;
}
